{
  "nodes": {
    "home-manager": {
      "inputs": {
        "nixpkgs": [
          "nixpkgs"
        ]
      },
      "locked": {
        "lastModified": 1747834438,
        "narHash": "sha256-AHJt79W8wADzur2htCx1U8FtEk4XjvrHb9/3iDfNedI=",
        "owner": "nix-community",
        "repo": "home-manager",
        "rev": "6c2eb1e24cd0e76d88bdd633ef4c50d6286586e0",
        "type": "github"
      },
      "original": {
        "owner": "nix-community",
        "ref": "master",
        "repo": "home-manager",
        "type": "github"
      }
    },
    "nixpkgs": {
      "locked": {
        "lastModified": 1747790854,
        "narHash": "sha256-8TpwOtr0T016HNlVuDcDNq4q+GMKfLStOSwdabrz+rk=",
        "owner": "nixos",
        "repo": "nixpkgs",
        "rev": "f0d925b947cca0bbe7f2d25115cbaf021844aba7",
        "type": "github"
      },
      "original": {
        "owner": "nixos",
        "ref": "nixpkgs-unstable",
        "repo": "nixpkgs",
        "type": "github"
      }
    },
    "root": {
      "inputs": {
        "home-manager": "home-manager",
        "nixpkgs": "nixpkgs"
      }
    }
  },
  "root": "root",
  "version": 7
}
